schema: '2.0'
stages:
  pull_data:
    cmd: mkdir -p data/raw && poetry run kaggle competitions download -c playground-series-s4e12
      && mv playground-series-s4e12.zip data/raw/ && cd data/raw/ && unzip playground-series-s4e12.zip
      && rm playground-series-s4e12.zip
    outs:
    - path: data/raw
      hash: md5
      md5: 81fcdcb7e37e0ac83770494236eb8c60.dir
      size: 332735146
      nfiles: 3
