schema: '2.0'
stages:
  pull_data:
    cmd: mkdir -p data/raw && poetry run kaggle competitions download -c playground-series-s4e12
      && mv playground-series-s4e12.zip data/raw/ && cd data/raw/ && unzip playground-series-s4e12.zip
      && rm playground-series-s4e12.zip
    outs:
    - path: data/raw
      hash: md5
      md5: 81fcdcb7e37e0ac83770494236eb8c60.dir
      size: 332735146
      nfiles: 3
  prepare_basic:
    cmd: poetry run python insurance/prepare_basic.py
    deps:
    - path: insurance/prepare_basic.py
      hash: md5
      md5: 9e108eb9a1de356116285e1eada7ac45
      size: 942
    params:
      params.yaml:
        data.random_state: 42
    outs:
    - path: data/prepared/prepared_data.feather
      hash: md5
      md5: 6f2ff9d50624a8441f17f3daf678d382
      size: 51335522
  train_basic:
    cmd: poetry run python insurance/train_basic.py
    deps:
    - path: data/prepared/prepared_data.csv
      hash: md5
      md5: be6d2a66bbfc1ca11856fe43b15f938d
      size: 164008012
    - path: insurance/train_basic.py
      hash: md5
      md5: 1087798e3a88729a780248839e5d4271
      size: 4474
    outs:
    - path: out/models/model_basic.pkl
      hash: md5
      md5: 4b8a371d04e5278a135523ea5aa7dc66
      size: 145233
  train@basic:
    cmd: poetry run python insurance/train_basic.py
    deps:
    - path: data/prepared/prepared_imputed_data.feather
      hash: md5
      md5: 540c4b236beb05faeda036c5adbd7429
      size: 58049042
    - path: insurance/data_pipeline.py
      hash: md5
      md5: 3eec6e7d1c5eea1daccba3532417f362
      size: 3245
    - path: insurance/train_basic.py
      hash: md5
      md5: 5c9c38071cc78463eb8fc2abba4f039d
      size: 4636
    params:
      params.yaml:
        train.basic:
        train.n_splits: 5
        train.random_state: 42
    outs:
    - path: out/models/data_pipeline_basic.pkl
      hash: md5
      md5: b96209877d55303005fe34d2e0e03e1e
      size: 33615
    - path: out/models/model_basic.pkl
      hash: md5
      md5: b96209877d55303005fe34d2e0e03e1e
      size: 33615
  train@xgboost:
    cmd: poetry run python insurance/train_xgboost.py
    deps:
    - path: data/prepared/prepared_imputed_data.feather
      hash: md5
      md5: 540c4b236beb05faeda036c5adbd7429
      size: 58049042
    - path: insurance/data_pipeline.py
      hash: md5
      md5: 3eec6e7d1c5eea1daccba3532417f362
      size: 3245
    - path: insurance/train_xgboost.py
      hash: md5
      md5: ceabdaa0b46f136e34303f08a369764a
      size: 3203
    params:
      params.yaml:
        train.n_splits: 5
        train.random_state: 42
        train.xgboost:
          random_state: 42
          device: cuda
          objective: reg:squarederror
          eval_metric: rmse
          booster: gbtree
          lambda: 0.4104749889610154
          alpha: 5.561529990659432e-07
          subsample: 0.9814736188143719
          colsample_bytree: 0.7240915982708991
          max_depth: 7
          min_child_weight: 9
          eta: 0.4324358241129275
          gamma: 2.865477838059048e-06
          grow_policy: depthwise
    outs:
    - path: out/models/data_pipeline_xgboost.pkl
      hash: md5
      md5: fd9986981188f504b8a7d9f9dc67e68c
      size: 1204
    - path: out/models/model_xgboost.pkl
      hash: md5
      md5: f5ed57c419ce8b7331f89ce3f08d82a2
      size: 33002
  train_imputer:
    cmd: poetry run python insurance/train_imputer.py
    deps:
    - path: data/prepared/prepared_data.feather
      hash: md5
      md5: be9be223edd7835c118acb707733196d
      size: 57045410
    - path: insurance/data_pipeline.py
      hash: md5
      md5: 5b3ebe7bd623c9cb606fc8f0e2735e76
      size: 3308
    - path: insurance/train_imputer.py
      hash: md5
      md5: 392f99313c616f6202db27b2ced378f6
      size: 7028
    params:
      params.yaml:
        torch_imputer:
          epochs: 50
          lr: 0.001
          batch_size: 2048
    outs:
    - path: out/models/torch_imputer.pt
      hash: md5
      md5: 7537c1a3a36c27d5b0852c44e8090698
      size: 6340
    - path: out/models/torch_imputer_data_pipeline.pkl
      hash: md5
      md5: 366088dae5e98c16271032306fbaf220
      size: 3037
  impute:
    cmd: poetry run python insurance/run_imputer.py
    deps:
    - path: data/prepared/prepared_data.feather
      hash: md5
      md5: be9be223edd7835c118acb707733196d
      size: 57045410
    - path: insurance/data_pipeline.py
      hash: md5
      md5: 5b3ebe7bd623c9cb606fc8f0e2735e76
      size: 3308
    - path: insurance/run_imputer.py
      hash: md5
      md5: 0ea052fdd86050efeb668dcd5d59a08f
      size: 2531
    - path: out/models/torch_imputer.pt
      hash: md5
      md5: 7537c1a3a36c27d5b0852c44e8090698
      size: 6340
    - path: out/models/torch_imputer_data_pipeline.pkl
      hash: md5
      md5: 366088dae5e98c16271032306fbaf220
      size: 3037
    outs:
    - path: data/prepared/prepared_imputed_data.feather
      hash: md5
      md5: c34e946b732269f7b58cb0542bd73620
      size: 56337066
  tune_xboost:
    cmd: poetry run python insurance/tune_xgboost.py data/prepared/prepared_data.feather
    deps:
    - path: data/prepared/prepared_data.feather
      hash: md5
      md5: be9be223edd7835c118acb707733196d
      size: 57045410
    - path: insurance/data_pipeline.py
      hash: md5
      md5: 62daeae84ed48ce63fd650e97c9736be
      size: 5106
    - path: insurance/tune_xgboost.py
      hash: md5
      md5: 7ba6c082008e87c59d02b391dfd02ec4
      size: 5804
    outs:
    - path: out/xgboost_model_params.yaml
      hash: md5
      md5: 11bca7628477bb73deaa189557db0d33
      size: 250
  train_xgboost:
    cmd: poetry run python insurance/train_xgboost.py data/prepared/prepared_data.feather
    deps:
    - path: data/prepared/prepared_data.feather
      hash: md5
      md5: 6f2ff9d50624a8441f17f3daf678d382
      size: 51335522
    - path: insurance/data_pipeline.py
      hash: md5
      md5: 897e1f4a9ef10c76b81702a02a199e7e
      size: 7774
    - path: insurance/train_xgboost.py
      hash: md5
      md5: 32e46391afae6516909fcae0202a4701
      size: 5263
    outs:
    - path: out/data_pipeline_train_xgboost.pkl
      hash: md5
      md5: 288caf55440aa23caea534b6500dec9b
      size: 10389
    - path: out/models/xgboost_model.pkl
      hash: md5
      md5: 4cdf9a14bf9c6a64c187a3e2b4cdc744
      size: 163206875
  train_catboost:
    cmd: poetry run python insurance/train_catboost.py data/prepared/prepared_data.feather
    deps:
    - path: data/prepared/prepared_data.feather
      hash: md5
      md5: 6f2ff9d50624a8441f17f3daf678d382
      size: 51335522
    - path: insurance/data_pipeline.py
      hash: md5
      md5: 897e1f4a9ef10c76b81702a02a199e7e
      size: 7774
    - path: insurance/train_catboost.py
      hash: md5
      md5: 363d930f85c4d8a4aaf7efed753a485e
      size: 6370
    outs:
    - path: out/data_pipeline_train_catboost.pkl
      hash: md5
      md5: 288caf55440aa23caea534b6500dec9b
      size: 10389
    - path: out/models/catboost_model.pkl
      hash: md5
      md5: 60e20b164c1bd71dad9117e0f1083ad1
      size: 4706669
  train_ensemble:
    cmd: poetry run python insurance/train_ensemble.py data/prepared/prepared_data.feather
    deps:
    - path: data/prepared/prepared_data.feather
      hash: md5
      md5: 6f2ff9d50624a8441f17f3daf678d382
      size: 51335522
    - path: insurance/data_pipeline.py
      hash: md5
      md5: 897e1f4a9ef10c76b81702a02a199e7e
      size: 7774
    - path: insurance/train_ensemble.py
      hash: md5
      md5: 7c1ba5c69e7a321c16e404c2f708b9fc
      size: 7870
    - path: out/models/catboost_model.pkl
      hash: md5
      md5: 60e20b164c1bd71dad9117e0f1083ad1
      size: 4706669
    - path: out/models/xgboost_model.pkl
      hash: md5
      md5: 4cdf9a14bf9c6a64c187a3e2b4cdc744
      size: 163206875
    outs:
    - path: out/data_pipeline_train_ensemble.pkl
      hash: md5
      md5: 84dd64529a292710586a570e1d84a440
      size: 1998
    - path: out/models/ensemble_model.pkl
      hash: md5
      md5: 4744f7bc287ae2685ff32b8399a7ce87
      size: 1188
  train_lgbm:
    cmd: poetry run python insurance/train_lgbm.py data/prepared/prepared_data.feather
    deps:
    - path: data/prepared/prepared_data.feather
      hash: md5
      md5: 6f2ff9d50624a8441f17f3daf678d382
      size: 51335522
    - path: insurance/data_pipeline.py
      hash: md5
      md5: 897e1f4a9ef10c76b81702a02a199e7e
      size: 7774
    - path: insurance/train_lgbm.py
      hash: md5
      md5: ba41f74e6f73c8d8878802b8ea912e43
      size: 4366
    outs:
    - path: out/data_pipeline_train_lgbm.pkl
      hash: md5
      md5: 288caf55440aa23caea534b6500dec9b
      size: 10389
    - path: out/models/lgbm_model.pkl
      hash: md5
      md5: fa3ab5071b8343ee2b08651f1d35f928
      size: 3094715
  train_layer_0@xgboost:
    cmd: poetry run python insurance/train_xgboost.py --layer 0 --layer 0
    deps:
    - path: data/prepared/prepared_data.feather
      hash: md5
      md5: 6f2ff9d50624a8441f17f3daf678d382
      size: 51335522
    - path: insurance/data_pipeline.py
      hash: md5
      md5: 897e1f4a9ef10c76b81702a02a199e7e
      size: 7774
    - path: insurance/train_xgboost.py
      hash: md5
      md5: 9be5e504773cb7b4fd1533f6653ed722
      size: 5463
    outs:
    - path: data/oof/xgboost_layer_0.feather
      hash: md5
      md5: cccf8e8b906be2cbafbdc4cdc24e6c29
      size: 141123570
    - path: out/data_pipeline_train_xgboost.pkl
      hash: md5
      md5: cbd30f7b691d5d3743f607ebc5d73bc8
      size: 10424
    - path: out/models/xgboost_model_layer_0.pkl
      hash: md5
      md5: bcf0923533d0f4e0a769814394c7c774
      size: 141993568
  train_layer_1@xgboost:
    cmd: poetry run python insurance/train_xgboost.py --layer 1
    deps:
    - path: data/oof/catboost_layer_0.feather
      hash: md5
      md5: 4219588a5170ec9df78f55e0f8dd5518
      size: 144531722
    - path: data/oof/lgbm_layer_0.feather
      hash: md5
      md5: 728d534c51a243977d826e4365ffe3a2
      size: 144531698
    - path: data/oof/xgboost_layer_0.feather
      hash: md5
      md5: cccf8e8b906be2cbafbdc4cdc24e6c29
      size: 141123570
    - path: insurance/train_xgboost.py
      hash: md5
      md5: 9be5e504773cb7b4fd1533f6653ed722
      size: 5463
    outs:
    - path: data/oof/xgboost_layer_1.feather
      hash: md5
      md5: f95f513ba43e00ea822e6419cdca1157
      size: 166505058
    - path: out/models/xgboost_model_layer_1.pkl
      hash: md5
      md5: 3575c8a3023cba1f18e5af3d3d31ec92
      size: 80546058
  train_layer_0@catboost:
    cmd: poetry run python insurance/train_catboost.py --layer 0 --layer 0
    deps:
    - path: data/prepared/prepared_data.feather
      hash: md5
      md5: 6f2ff9d50624a8441f17f3daf678d382
      size: 51335522
    - path: insurance/data_pipeline.py
      hash: md5
      md5: 897e1f4a9ef10c76b81702a02a199e7e
      size: 7774
    - path: insurance/train_catboost.py
      hash: md5
      md5: a6fa58ee643ba2add78c266d1549bfdf
      size: 6456
    outs:
    - path: data/oof/catboost_layer_0.feather
      hash: md5
      md5: 4219588a5170ec9df78f55e0f8dd5518
      size: 144531722
    - path: out/data_pipeline_train_catboost.pkl
      hash: md5
      md5: cbd30f7b691d5d3743f607ebc5d73bc8
      size: 10424
    - path: out/models/catboost_model_layer_0.pkl
      hash: md5
      md5: 0a0fb7f3b1fad21887b59523b5883621
      size: 5921913
  train_layer_0@lgbm:
    cmd: poetry run python insurance/train_lgbm.py --layer 0 --layer 0
    deps:
    - path: data/prepared/prepared_data.feather
      hash: md5
      md5: 6f2ff9d50624a8441f17f3daf678d382
      size: 51335522
    - path: insurance/data_pipeline.py
      hash: md5
      md5: 897e1f4a9ef10c76b81702a02a199e7e
      size: 7774
    - path: insurance/train_lgbm.py
      hash: md5
      md5: eb099ff095766890eac7727aa950c00d
      size: 4715
    outs:
    - path: data/oof/lgbm_layer_0.feather
      hash: md5
      md5: 728d534c51a243977d826e4365ffe3a2
      size: 144531698
    - path: out/data_pipeline_train_lgbm.pkl
      hash: md5
      md5: cbd30f7b691d5d3743f607ebc5d73bc8
      size: 10424
    - path: out/models/lgbm_model_layer_0.pkl
      hash: md5
      md5: 0c821bf8bce53f17fb3f83952c6507a2
      size: 3094718
  train_layer_1@lgbm:
    cmd: poetry run python insurance/train_lgbm.py --layer 1
    deps:
    - path: data/oof/catboost_layer_0.feather
      hash: md5
      md5: 4219588a5170ec9df78f55e0f8dd5518
      size: 144531722
    - path: data/oof/lgbm_layer_0.feather
      hash: md5
      md5: 728d534c51a243977d826e4365ffe3a2
      size: 144531698
    - path: data/oof/xgboost_layer_0.feather
      hash: md5
      md5: cccf8e8b906be2cbafbdc4cdc24e6c29
      size: 141123570
    - path: insurance/train_lgbm.py
      hash: md5
      md5: eb099ff095766890eac7727aa950c00d
      size: 4715
    outs:
    - path: data/oof/lgbm_layer_1.feather
      hash: md5
      md5: 8a30e5fb8af345892d78a4b429aa5133
      size: 169930538
    - path: out/models/lgbm_model_layer_1.pkl
      hash: md5
      md5: 4c8f4c2b7930bd06c5d5b2c1c850484d
      size: 3041894
  train_layer_1@catboost:
    cmd: poetry run python insurance/train_catboost.py --layer 1
    deps:
    - path: data/oof/catboost_layer_0.feather
      hash: md5
      md5: 4219588a5170ec9df78f55e0f8dd5518
      size: 144531722
    - path: data/oof/lgbm_layer_0.feather
      hash: md5
      md5: 728d534c51a243977d826e4365ffe3a2
      size: 144531698
    - path: data/oof/xgboost_layer_0.feather
      hash: md5
      md5: cccf8e8b906be2cbafbdc4cdc24e6c29
      size: 141123570
    - path: insurance/train_catboost.py
      hash: md5
      md5: a6fa58ee643ba2add78c266d1549bfdf
      size: 6456
    outs:
    - path: data/oof/catboost_layer_1.feather
      hash: md5
      md5: 29e22e632842e58035567c6bb1e3e745
      size: 169930562
    - path: out/models/catboost_model_layer_1.pkl
      hash: md5
      md5: 4f1b30ed397693c31caccf20d6eff1b4
      size: 9309141
